# THIS IS AN AUTOGENERATED FILE. DO NOT EDIT THIS FILE DIRECTLY.
# yarn lockfile v1


nanoid@^3.3.6:
  version "3.3.6"
  resolved "https://registry.npmmirror.com/nanoid/-/nanoid-3.3.6.tgz#443380c856d6e9f9824267d960b4236ad583ea4c"
  integrity sha512-BGcqMMJuToF7i1rt+2PWSNVnWIkGCU78jBG3RxO/bZlnZPK2Cmi2QaffxGO/2RvWi9sL+FAiRiXMgsyxQ1DIDA==

picocolors@^1.0.0:
  version "1.0.0"
  resolved "https://registry.npmmirror.com/picocolors/-/picocolors-1.0.0.tgz#cb5bdc74ff3f51892236eaf79d68bc44564ab81c"
  integrity sha512-1fygroTLlHu66zi26VoTDv8yRgm0Fccecssto+MhsZ0D/DGW2sm8E8AjW7NU5VVTRt5GxbeZ5qBuJr+HyLYkjQ==

postcss-sorting@^8.0.2:
  version "8.0.2"
  resolved "https://registry.npmmirror.com/postcss-sorting/-/postcss-sorting-8.0.2.tgz#6393385ece272baf74bee9820fb1b58098e4eeca"
  integrity sha512-M9dkSrmU00t/jK7rF6BZSZauA5MAaBW4i5EnJXspMwt4iqTh/L9j6fgMnbElEOfyRyfLfVbIHj/R52zHzAPe1Q==

postcss@^8.4.21:
  version "8.4.24"
  resolved "https://registry.npmmirror.com/postcss/-/postcss-8.4.24.tgz#f714dba9b2284be3cc07dbd2fc57ee4dc972d2df"
  integrity sha512-M0RzbcI0sO/XJNucsGjvWU9ERWxb/ytp1w6dKtxTKgixdtQDq4rmx/g8W1hnaheq9jgwL/oyEdH5Bc4WwJKMqg==
  dependencies:
    nanoid "^3.3.6"
    picocolors "^1.0.0"
    source-map-js "^1.0.2"

prettier@^2.7.0:
  version "2.7.0"
  resolved "https://registry.npmmirror.com/prettier/-/prettier-2.7.0.tgz#a4fdae07e5596c51c9857ea676cd41a0163879d6"
  integrity sha512-nwoX4GMFgxoPC6diHvSwmK/4yU8FFH3V8XWtLQrbj4IBsK2pkYhG4kf/ljF/haaZ/aii+wNJqISrCDPgxGWDVQ==

source-map-js@^1.0.2:
  version "1.0.2"
  resolved "https://registry.npmmirror.com/source-map-js/-/source-map-js-1.0.2.tgz#adbc361d9c62df380125e7f161f71c826f1e490c"
  integrity sha512-R0XvVJ9WusLiqTCEiGCmICCMplcCkIwwR11mOSD9CR5u+IXYdiseeEuXCVAjS54zqwkLcPNnmU4OeJ6tUrWhDw==

stylelint-config-recess-order@^4.2.0:
  version "4.2.0"
  resolved "https://registry.npmmirror.com/stylelint-config-recess-order/-/stylelint-config-recess-order-4.2.0.tgz#bc64e2d164f39c9830452d5e6da0061749caeea9"
  integrity sha512-cWC66tUx74OgurUQaTAH4iJ4JbyisMwlJH8BO/oxglDLZBUNFggjwPFVtgsmd8rS+bUfm7sPlRrF00iAihESwA==
  dependencies:
    stylelint-order "6.x"

stylelint-order@6.x:
  version "6.0.3"
  resolved "https://registry.npmmirror.com/stylelint-order/-/stylelint-order-6.0.3.tgz#160b78650bd90463241b992581efee7159baefc2"
  integrity sha512-1j1lOb4EU/6w49qZeT2SQVJXm0Ht+Qnq9GMfUa3pMwoyojIWfuA+JUDmoR97Bht1RLn4ei0xtLGy87M7d29B1w==
  dependencies:
    postcss "^8.4.21"
    postcss-sorting "^8.0.2"
